{
  "name": "flexi-grid",
  "version": "18.5.6",
  "lockfileVersion": 3,
  "requires": true,
  "packages": {
    "": {
      "name": "flexi-grid",
      "version": "18.5.6",
      "dependencies": {
        "tr-currency": "^18.0.2",
        "tslib": "^2.3.0"
      },
      "peerDependencies": {
        "@angular/common": "^18.0.0",
        "@angular/core": "^18.0.0",
        "tr-currency": "^18.0.2"
      }
    },
    "node_modules/@angular/common": {
      "version": "18.0.5",
      "resolved": "https://registry.npmjs.org/@angular/common/-/common-18.0.5.tgz",
      "integrity": "sha512-yItVQSu+Rx8gthWJDTOHwbzItY8/lqmmmYA1RMex0u3GkJoX3/3TZSGXbbBXl8GH8vmQOfp9yj3C02JmlwldRg==",
      "license": "MIT",
      "peer": true,
      "dependencies": {
        "tslib": "^2.3.0"
      },
      "engines": {
        "node": "^18.19.1 || ^20.11.1 || >=22.0.0"
      },
      "peerDependencies": {
        "@angular/core": "18.0.5",
        "rxjs": "^6.5.3 || ^7.4.0"
      }
    },
    "node_modules/@angular/core": {
      "version": "18.0.5",
      "resolved": "https://registry.npmjs.org/@angular/core/-/core-18.0.5.tgz",
      "integrity": "sha512-0UuL+aMMWGYksz09YBsiHq1li7GmL8obB3IC3T5MwDqnn7FGRUBfBUOZEkM6B+pwgg+RAtNdJkbCfbh1z74bFQ==",
      "license": "MIT",
      "peer": true,
      "dependencies": {
        "tslib": "^2.3.0"
      },
      "engines": {
        "node": "^18.19.1 || ^20.11.1 || >=22.0.0"
      },
      "peerDependencies": {
        "rxjs": "^6.5.3 || ^7.4.0",
        "zone.js": "~0.14.0"
      }
    },
    "node_modules/rxjs": {
      "version": "7.8.1",
      "resolved": "https://registry.npmjs.org/rxjs/-/rxjs-7.8.1.tgz",
      "integrity": "sha512-AA3TVj+0A2iuIoQkWEK/tqFjBq2j+6PO6Y0zJcvzLAFhEFIO3HL0vls9hWLncZbAAbK0mar7oZ4V079I/qPMxg==",
      "license": "Apache-2.0",
      "peer": true,
      "dependencies": {
        "tslib": "^2.1.0"
      }
    },
    "node_modules/tr-currency": {
      "version": "18.0.2",
      "resolved": "https://registry.npmjs.org/tr-currency/-/tr-currency-18.0.2.tgz",
      "integrity": "sha512-KzVj96xb5DK/VsXLWD56O8od1/Att0xtxW6AAA/GP/EosTU+17n+9tNEzmguvczZlXN3/VdiK/P0fJ96ahUlNw==",
      "dependencies": {
        "tslib": "^2.3.0"
      },
      "peerDependencies": {
        "@angular/common": "^18.0.3",
        "@angular/core": "^18.0.3"
      }
    },
    "node_modules/tslib": {
      "version": "2.6.3",
      "resolved": "https://registry.npmjs.org/tslib/-/tslib-2.6.3.tgz",
      "integrity": "sha512-xNvxJEOUiWPGhUuUdQgAJPKOOJfGnIyKySOc09XkKsgdUV/3E2zvwZYdejjmRgPCgcym1juLH3226yA7sEFJKQ==",
      "license": "0BSD"
    },
    "node_modules/zone.js": {
      "version": "0.14.7",
      "resolved": "https://registry.npmjs.org/zone.js/-/zone.js-0.14.7.tgz",
      "integrity": "sha512-0w6DGkX2BPuiK/NLf+4A8FLE43QwBfuqz2dVgi/40Rj1WmqUskCqj329O/pwrqFJLG5X8wkeG2RhIAro441xtg==",
      "license": "MIT",
      "peer": true
    }
  }
}
